
Microsoft Visual Studio Solution File, Format Version 12.00
# Visual Studio Version 16
VisualStudioVersion = 16.0.33927.289
MinimumVisualStudioVersion = 10.0.40219.1
Project("{FAE04EC0-301F-11D3-BF4B-00C04F79EFBC}") = "Graficadora", "Graficadora.csproj", "{022FF422-64B2-4A33-8180-48B9FEBC122A}"
EndProject
Global
	GlobalSection(SolutionConfigurationPlatforms) = preSolution
		Debug|Any CPU = Debug|Any CPU
		Release|Any CPU = Release|Any CPU
	EndGlobalSection
	GlobalSection(ProjectConfigurationPlatforms) = postSolution
		{022FF422-64B2-4A33-8180-48B9FEBC122A}.Debug|Any CPU.ActiveCfg = Debug|Any CPU
		{022FF422-64B2-4A33-8180-48B9FEBC122A}.Debug|Any CPU.Build.0 = Debug|Any CPU
		{022FF422-64B2-4A33-8180-48B9FEBC122A}.Release|Any CPU.ActiveCfg = Release|Any CPU
		{022FF422-64B2-4A33-8180-48B9FEBC122A}.Release|Any CPU.Build.0 = Release|Any CPU
	EndGlobalSection
	GlobalSection(SolutionProperties) = preSolution
		HideSolutionNode = FALSE
	EndGlobalSection
	GlobalSection(ExtensibilityGlobals) = postSolution
		SolutionGuid = {0379FA86-2243-4773-945D-39D18A782EF7}
	EndGlobalSection
EndGlobal
